
Microsoft Visual Studio Solution File, Format Version 12.00
# Visual Studio Version 17
VisualStudioVersion = 17.7.34202.233
MinimumVisualStudioVersion = 10.0.40219.1
Project("{FAE04EC0-301F-11D3-BF4B-00C04F79EFBC}") = "Lab1and2", "Lab1and2\Lab1and2.csproj", "{37BA8860-262C-4E49-9C84-3B1E069AF9D2}"
EndProject
Global
	GlobalSection(SolutionConfigurationPlatforms) = preSolution
		Debug|Any CPU = Debug|Any CPU
		Release|Any CPU = Release|Any CPU
	EndGlobalSection
	GlobalSection(ProjectConfigurationPlatforms) = postSolution
		{37BA8860-262C-4E49-9C84-3B1E069AF9D2}.Debug|Any CPU.ActiveCfg = Debug|Any CPU
		{37BA8860-262C-4E49-9C84-3B1E069AF9D2}.Debug|Any CPU.Build.0 = Debug|Any CPU
		{37BA8860-262C-4E49-9C84-3B1E069AF9D2}.Release|Any CPU.ActiveCfg = Release|Any CPU
		{37BA8860-262C-4E49-9C84-3B1E069AF9D2}.Release|Any CPU.Build.0 = Release|Any CPU
	EndGlobalSection
	GlobalSection(SolutionProperties) = preSolution
		HideSolutionNode = FALSE
	EndGlobalSection
	GlobalSection(ExtensibilityGlobals) = postSolution
		SolutionGuid = {80B53877-EB26-4589-8886-A28383AC4061}
	EndGlobalSection
EndGlobal
